
Microsoft Visual Studio Solution File, Format Version 12.00
# Visual Studio Version 17
VisualStudioVersion = 17.0.31903.59
MinimumVisualStudioVersion = 10.0.40219.1
Project("{FAE04EC0-301F-11D3-BF4B-00C04F79EFBC}") = "webapicore", "webapicore\webapicore.csproj", "{154D0F34-4714-425E-8EA3-808AF54AFAEC}"
EndProject
Project("{2150E333-8FDC-42A3-9474-1A3956D46DE8}") = "db", "db", "{CA1D3660-366F-423A-ABC3-A5B24916387F}"
EndProject
Project("{FAE04EC0-301F-11D3-BF4B-00C04F79EFBC}") = "database", "db\database\database.csproj", "{B28E0FF6-B846-455A-A1F6-24C9C467A91A}"
EndProject
Project("{FAE04EC0-301F-11D3-BF4B-00C04F79EFBC}") = "Database.Lib", "db\Database.Lib\Database.Lib.csproj", "{E3B0BEA6-EC17-4A3B-B69C-1CCE0B3FF70F}"
EndProject
Project("{FAE04EC0-301F-11D3-BF4B-00C04F79EFBC}") = "Database.Models", "db\Database.Models\Database.Models.csproj", "{266D1ADC-5C84-4643-A210-52BB2C91E113}"
EndProject
Project("{2150E333-8FDC-42A3-9474-1A3956D46DE8}") = "modules", "modules", "{8519589D-AB1B-469C-8255-C1972856B5F7}"
EndProject
Project("{FAE04EC0-301F-11D3-BF4B-00C04F79EFBC}") = "Accounts", "modules\Accounts\Accounts.csproj", "{03911E7A-902C-45BD-BB79-FE6895B67701}"
EndProject
Project("{FAE04EC0-301F-11D3-BF4B-00C04F79EFBC}") = "Common", "modules\Common\Common.csproj", "{3317E858-3D53-4200-926F-FBA71C707570}"
EndProject
Project("{FAE04EC0-301F-11D3-BF4B-00C04F79EFBC}") = "Masters", "modules\Masters\Masters.csproj", "{942D090C-6D0A-4C14-A11E-C03EA8DC97F7}"
EndProject
Project("{FAE04EC0-301F-11D3-BF4B-00C04F79EFBC}") = "Test", "modules\Test\Test.csproj", "{2BD9004E-68A4-4ED4-AB4A-5083BBC084C6}"
EndProject
Project("{FAE04EC0-301F-11D3-BF4B-00C04F79EFBC}") = "TnT", "modules\TnT\TnT.csproj", "{3CFBCAB0-3A1A-4C60-8107-30CC9BCE9761}"
EndProject
Project("{FAE04EC0-301F-11D3-BF4B-00C04F79EFBC}") = "UserAdmin", "modules\UserAdmin\UserAdmin.csproj", "{EF634BD5-E686-4BEB-96CD-EDAB918FAA60}"
EndProject
Project("{FAE04EC0-301F-11D3-BF4B-00C04F79EFBC}") = "Marketing", "modules\Marketing\Marketing.csproj", "{DFBF340B-44AD-438E-9D70-6F5021B9D900}"
EndProject
Project("{FAE04EC0-301F-11D3-BF4B-00C04F79EFBC}") = "AirExport", "modules\AirExport\AirExport.csproj", "{7AD749DD-2432-4C00-8BFB-53D631EFB0AF}"
EndProject
Project("{FAE04EC0-301F-11D3-BF4B-00C04F79EFBC}") = "SeaExport", "modules\SeaExport\SeaExport.csproj", "{79464B0E-FC9D-4668-8436-8996B29116E2}"
EndProject
Project("{FAE04EC0-301F-11D3-BF4B-00C04F79EFBC}") = "SeaImport", "modules\SeaImport\SeaImport.csproj", "{826BF6F2-1619-477F-8564-D6BABB34F978}"
EndProject
Project("{FAE04EC0-301F-11D3-BF4B-00C04F79EFBC}") = "AirImport", "modules\AirImport\AirImport.csproj", "{9C296A84-5FE4-445B-8BA0-19D4B35339B2}"
EndProject
Global
	GlobalSection(SolutionConfigurationPlatforms) = preSolution
		Debug|Any CPU = Debug|Any CPU
		Release|Any CPU = Release|Any CPU
	EndGlobalSection
	GlobalSection(ProjectConfigurationPlatforms) = postSolution
		{154D0F34-4714-425E-8EA3-808AF54AFAEC}.Debug|Any CPU.ActiveCfg = Debug|Any CPU
		{154D0F34-4714-425E-8EA3-808AF54AFAEC}.Debug|Any CPU.Build.0 = Debug|Any CPU
		{154D0F34-4714-425E-8EA3-808AF54AFAEC}.Release|Any CPU.ActiveCfg = Release|Any CPU
		{154D0F34-4714-425E-8EA3-808AF54AFAEC}.Release|Any CPU.Build.0 = Release|Any CPU
		{B28E0FF6-B846-455A-A1F6-24C9C467A91A}.Debug|Any CPU.ActiveCfg = Debug|Any CPU
		{B28E0FF6-B846-455A-A1F6-24C9C467A91A}.Debug|Any CPU.Build.0 = Debug|Any CPU
		{B28E0FF6-B846-455A-A1F6-24C9C467A91A}.Release|Any CPU.ActiveCfg = Release|Any CPU
		{B28E0FF6-B846-455A-A1F6-24C9C467A91A}.Release|Any CPU.Build.0 = Release|Any CPU
		{E3B0BEA6-EC17-4A3B-B69C-1CCE0B3FF70F}.Debug|Any CPU.ActiveCfg = Debug|Any CPU
		{E3B0BEA6-EC17-4A3B-B69C-1CCE0B3FF70F}.Debug|Any CPU.Build.0 = Debug|Any CPU
		{E3B0BEA6-EC17-4A3B-B69C-1CCE0B3FF70F}.Release|Any CPU.ActiveCfg = Release|Any CPU
		{E3B0BEA6-EC17-4A3B-B69C-1CCE0B3FF70F}.Release|Any CPU.Build.0 = Release|Any CPU
		{266D1ADC-5C84-4643-A210-52BB2C91E113}.Debug|Any CPU.ActiveCfg = Debug|Any CPU
		{266D1ADC-5C84-4643-A210-52BB2C91E113}.Debug|Any CPU.Build.0 = Debug|Any CPU
		{266D1ADC-5C84-4643-A210-52BB2C91E113}.Release|Any CPU.ActiveCfg = Release|Any CPU
		{266D1ADC-5C84-4643-A210-52BB2C91E113}.Release|Any CPU.Build.0 = Release|Any CPU
		{03911E7A-902C-45BD-BB79-FE6895B67701}.Debug|Any CPU.ActiveCfg = Debug|Any CPU
		{03911E7A-902C-45BD-BB79-FE6895B67701}.Debug|Any CPU.Build.0 = Debug|Any CPU
		{03911E7A-902C-45BD-BB79-FE6895B67701}.Release|Any CPU.ActiveCfg = Release|Any CPU
		{03911E7A-902C-45BD-BB79-FE6895B67701}.Release|Any CPU.Build.0 = Release|Any CPU
		{3317E858-3D53-4200-926F-FBA71C707570}.Debug|Any CPU.ActiveCfg = Debug|Any CPU
		{3317E858-3D53-4200-926F-FBA71C707570}.Debug|Any CPU.Build.0 = Debug|Any CPU
		{3317E858-3D53-4200-926F-FBA71C707570}.Release|Any CPU.ActiveCfg = Release|Any CPU
		{3317E858-3D53-4200-926F-FBA71C707570}.Release|Any CPU.Build.0 = Release|Any CPU
		{942D090C-6D0A-4C14-A11E-C03EA8DC97F7}.Debug|Any CPU.ActiveCfg = Debug|Any CPU
		{942D090C-6D0A-4C14-A11E-C03EA8DC97F7}.Debug|Any CPU.Build.0 = Debug|Any CPU
		{942D090C-6D0A-4C14-A11E-C03EA8DC97F7}.Release|Any CPU.ActiveCfg = Release|Any CPU
		{942D090C-6D0A-4C14-A11E-C03EA8DC97F7}.Release|Any CPU.Build.0 = Release|Any CPU
		{2BD9004E-68A4-4ED4-AB4A-5083BBC084C6}.Debug|Any CPU.ActiveCfg = Debug|Any CPU
		{2BD9004E-68A4-4ED4-AB4A-5083BBC084C6}.Debug|Any CPU.Build.0 = Debug|Any CPU
		{2BD9004E-68A4-4ED4-AB4A-5083BBC084C6}.Release|Any CPU.ActiveCfg = Release|Any CPU
		{2BD9004E-68A4-4ED4-AB4A-5083BBC084C6}.Release|Any CPU.Build.0 = Release|Any CPU
		{3CFBCAB0-3A1A-4C60-8107-30CC9BCE9761}.Debug|Any CPU.ActiveCfg = Debug|Any CPU
		{3CFBCAB0-3A1A-4C60-8107-30CC9BCE9761}.Debug|Any CPU.Build.0 = Debug|Any CPU
		{3CFBCAB0-3A1A-4C60-8107-30CC9BCE9761}.Release|Any CPU.ActiveCfg = Release|Any CPU
		{3CFBCAB0-3A1A-4C60-8107-30CC9BCE9761}.Release|Any CPU.Build.0 = Release|Any CPU
		{EF634BD5-E686-4BEB-96CD-EDAB918FAA60}.Debug|Any CPU.ActiveCfg = Debug|Any CPU
		{EF634BD5-E686-4BEB-96CD-EDAB918FAA60}.Debug|Any CPU.Build.0 = Debug|Any CPU
		{EF634BD5-E686-4BEB-96CD-EDAB918FAA60}.Release|Any CPU.ActiveCfg = Release|Any CPU
		{EF634BD5-E686-4BEB-96CD-EDAB918FAA60}.Release|Any CPU.Build.0 = Release|Any CPU
		{DFBF340B-44AD-438E-9D70-6F5021B9D900}.Debug|Any CPU.ActiveCfg = Debug|Any CPU
		{DFBF340B-44AD-438E-9D70-6F5021B9D900}.Debug|Any CPU.Build.0 = Debug|Any CPU
		{DFBF340B-44AD-438E-9D70-6F5021B9D900}.Release|Any CPU.ActiveCfg = Release|Any CPU
		{DFBF340B-44AD-438E-9D70-6F5021B9D900}.Release|Any CPU.Build.0 = Release|Any CPU
		{7AD749DD-2432-4C00-8BFB-53D631EFB0AF}.Debug|Any CPU.ActiveCfg = Debug|Any CPU
		{7AD749DD-2432-4C00-8BFB-53D631EFB0AF}.Debug|Any CPU.Build.0 = Debug|Any CPU
		{7AD749DD-2432-4C00-8BFB-53D631EFB0AF}.Release|Any CPU.ActiveCfg = Release|Any CPU
		{7AD749DD-2432-4C00-8BFB-53D631EFB0AF}.Release|Any CPU.Build.0 = Release|Any CPU
		{79464B0E-FC9D-4668-8436-8996B29116E2}.Debug|Any CPU.ActiveCfg = Debug|Any CPU
		{79464B0E-FC9D-4668-8436-8996B29116E2}.Debug|Any CPU.Build.0 = Debug|Any CPU
		{79464B0E-FC9D-4668-8436-8996B29116E2}.Release|Any CPU.ActiveCfg = Release|Any CPU
		{79464B0E-FC9D-4668-8436-8996B29116E2}.Release|Any CPU.Build.0 = Release|Any CPU

		{826BF6F2-1619-477F-8564-D6BABB34F978}.Debug|Any CPU.ActiveCfg = Debug|Any CPU
		{826BF6F2-1619-477F-8564-D6BABB34F978}.Debug|Any CPU.Build.0 = Debug|Any CPU
		{826BF6F2-1619-477F-8564-D6BABB34F978}.Release|Any CPU.ActiveCfg = Release|Any CPU
		{826BF6F2-1619-477F-8564-D6BABB34F978}.Release|Any CPU.Build.0 = Release|Any CPU

		{9C296A84-5FE4-445B-8BA0-19D4B35339B2}.Debug|Any CPU.ActiveCfg = Debug|Any CPU
		{9C296A84-5FE4-445B-8BA0-19D4B35339B2}.Debug|Any CPU.Build.0 = Debug|Any CPU
		{9C296A84-5FE4-445B-8BA0-19D4B35339B2}.Release|Any CPU.ActiveCfg = Release|Any CPU
		{9C296A84-5FE4-445B-8BA0-19D4B35339B2}.Release|Any CPU.Build.0 = Release|Any CPU

	EndGlobalSection
	GlobalSection(SolutionProperties) = preSolution
		HideSolutionNode = FALSE
	EndGlobalSection
	GlobalSection(NestedProjects) = preSolution
		{B28E0FF6-B846-455A-A1F6-24C9C467A91A} = {CA1D3660-366F-423A-ABC3-A5B24916387F}
		{E3B0BEA6-EC17-4A3B-B69C-1CCE0B3FF70F} = {CA1D3660-366F-423A-ABC3-A5B24916387F}
		{266D1ADC-5C84-4643-A210-52BB2C91E113} = {CA1D3660-366F-423A-ABC3-A5B24916387F}
		{03911E7A-902C-45BD-BB79-FE6895B67701} = {8519589D-AB1B-469C-8255-C1972856B5F7}
		{3317E858-3D53-4200-926F-FBA71C707570} = {8519589D-AB1B-469C-8255-C1972856B5F7}
		{942D090C-6D0A-4C14-A11E-C03EA8DC97F7} = {8519589D-AB1B-469C-8255-C1972856B5F7}
		{2BD9004E-68A4-4ED4-AB4A-5083BBC084C6} = {8519589D-AB1B-469C-8255-C1972856B5F7}
		{3CFBCAB0-3A1A-4C60-8107-30CC9BCE9761} = {8519589D-AB1B-469C-8255-C1972856B5F7}
		{EF634BD5-E686-4BEB-96CD-EDAB918FAA60} = {8519589D-AB1B-469C-8255-C1972856B5F7}
		{DFBF340B-44AD-438E-9D70-6F5021B9D900} = {8519589D-AB1B-469C-8255-C1972856B5F7}
		{7AD749DD-2432-4C00-8BFB-53D631EFB0AF} = {8519589D-AB1B-469C-8255-C1972856B5F7}
		{79464B0E-FC9D-4668-8436-8996B29116E2} = {8519589D-AB1B-469C-8255-C1972856B5F7}

		{826BF6F2-1619-477F-8564-D6BABB34F978} = {8519589D-AB1B-469C-8255-C1972856B5F7}

		{9C296A84-5FE4-445B-8BA0-19D4B35339B2} = {8519589D-AB1B-469C-8255-C1972856B5F7}

	EndGlobalSection
EndGlobal
